{
  "version": 4,
  "terraform_version": "1.5.7",
  "serial": 1,
  "lineage": "ec89dd20-c39b-be9c-8cc4-adba040a24e2",
  "outputs": {},
  "resources": [
    {
      "mode": "managed",
      "type": "github_repository",
      "name": "example",
      "provider": "provider[\"registry.terraform.io/integrations/github\"]",
      "instances": [
        {
          "schema_version": 1,
          "attributes": {
            "allow_auto_merge": false,
            "allow_merge_commit": true,
            "allow_rebase_merge": true,
            "allow_squash_merge": true,
            "allow_update_branch": false,
            "archive_on_destroy": null,
            "archived": false,
            "auto_init": null,
            "default_branch": "main",
            "delete_branch_on_merge": false,
            "description": "My awesome codebase",
            "etag": "W/\"d34e4142685cab82dd3b7a58cf97b95a1c088d31f3cea6bab0a96643f9ea30ed\"",
            "full_name": "akp-beni-github/example_created_by_terraform",
            "git_clone_url": "git://github.com/akp-beni-github/example_created_by_terraform.git",
            "gitignore_template": null,
            "has_discussions": false,
            "has_downloads": false,
            "has_issues": false,
            "has_projects": false,
            "has_wiki": false,
            "homepage_url": "",
            "html_url": "https://github.com/akp-beni-github/example_created_by_terraform",
            "http_clone_url": "https://github.com/akp-beni-github/example_created_by_terraform.git",
            "id": "example_created_by_terraform",
            "ignore_vulnerability_alerts_during_read": null,
            "is_template": false,
            "license_template": null,
            "merge_commit_message": "PR_TITLE",
            "merge_commit_title": "MERGE_MESSAGE",
            "name": "example_created_by_terraform",
            "node_id": "R_kgDOMI7zPw",
            "pages": [],
            "primary_language": "",
            "private": false,
            "repo_id": 814674751,
            "security_and_analysis": [
              {
                "advanced_security": [],
                "secret_scanning": [
                  {
                    "status": "enabled"
                  }
                ],
                "secret_scanning_push_protection": [
                  {
                    "status": "enabled"
                  }
                ]
              }
            ],
            "squash_merge_commit_message": "COMMIT_MESSAGES",
            "squash_merge_commit_title": "COMMIT_OR_PR_TITLE",
            "ssh_clone_url": "git@github.com:akp-beni-github/example_created_by_terraform.git",
            "svn_url": "https://github.com/akp-beni-github/example_created_by_terraform",
            "template": [],
            "topics": [],
            "visibility": "public",
            "vulnerability_alerts": false,
            "web_commit_signoff_required": false
          },
          "sensitive_attributes": [],
          "private": "eyJzY2hlbWFfdmVyc2lvbiI6IjEifQ=="
        }
      ]
    }
  ],
  "check_results": null
}
